// !$*UTF8*$!
{
	archiveVersion = 1;
	classes = {
	};
	objectVersion = 46;
	objects = {

/* Begin PBXBuildFile section */
		BFBF0F661E9BD74000BDAFB5 /* AppDelegate.swift in Sources */ = {isa = PBXBuildFile; fileRef = BFBF0F651E9BD74000BDAFB5 /* AppDelegate.swift */; };
		BFBF0F681E9BD74000BDAFB5 /* MasterViewController.swift in Sources */ = {isa = PBXBuildFile; fileRef = BFBF0F671E9BD74000BDAFB5 /* MasterViewController.swift */; };
		BFBF0F6A1E9BD74000BDAFB5 /* DetailViewController.swift in Sources */ = {isa = PBXBuildFile; fileRef = BFBF0F691E9BD74000BDAFB5 /* DetailViewController.swift */; };
		BFBF0F6D1E9BD74000BDAFB5 /* Main.storyboard in Resources */ = {isa = PBXBuildFile; fileRef = BFBF0F6B1E9BD74000BDAFB5 /* Main.storyboard */; };
		BFBF0F6F1E9BD74000BDAFB5 /* Assets.xcassets in Resources */ = {isa = PBXBuildFile; fileRef = BFBF0F6E1E9BD74000BDAFB5 /* Assets.xcassets */; };
		BFBF0F721E9BD74000BDAFB5 /* LaunchScreen.storyboard in Resources */ = {isa = PBXBuildFile; fileRef = BFBF0F701E9BD74000BDAFB5 /* LaunchScreen.storyboard */; };
		BFBF0F7D1E9BD74000BDAFB5 /* Amazing_APODTests.swift in Sources */ = {isa = PBXBuildFile; fileRef = BFBF0F7C1E9BD74000BDAFB5 /* Amazing_APODTests.swift */; };
		BFBF0F881E9BD74000BDAFB5 /* Amazing_APODUITests.swift in Sources */ = {isa = PBXBuildFile; fileRef = BFBF0F871E9BD74000BDAFB5 /* Amazing_APODUITests.swift */; };
/* End PBXBuildFile section */

/* Begin PBXContainerItemProxy section */
		BFBF0F791E9BD74000BDAFB5 /* PBXContainerItemProxy */ = {
			isa = PBXContainerItemProxy;
			containerPortal = BFBF0F5A1E9BD74000BDAFB5 /* Project object */;
			proxyType = 1;
			remoteGlobalIDString = BFBF0F611E9BD74000BDAFB5;
			remoteInfo = "Amazing APOD";
		};
		BFBF0F841E9BD74000BDAFB5 /* PBXContainerItemProxy */ = {
			isa = PBXContainerItemProxy;
			containerPortal = BFBF0F5A1E9BD74000BDAFB5 /* Project object */;
			proxyType = 1;
			remoteGlobalIDString = BFBF0F611E9BD74000BDAFB5;
			remoteInfo = "Amazing APOD";
		};
/* End PBXContainerItemProxy section */

/* Begin PBXFileReference section */
		BFBF0F621E9BD74000BDAFB5 /* Amazing APOD.app */ = {isa = PBXFileReference; explicitFileType = wrapper.application; includeInIndex = 0; path = "Amazing APOD.app"; sourceTree = BUILT_PRODUCTS_DIR; };
		BFBF0F651E9BD74000BDAFB5 /* AppDelegate.swift */ = {isa = PBXFileReference; lastKnownFileType = sourcecode.swift; path = AppDelegate.swift; sourceTree = "<group>"; };
		BFBF0F671E9BD74000BDAFB5 /* MasterViewController.swift */ = {isa = PBXFileReference; lastKnownFileType = sourcecode.swift; path = MasterViewController.swift; sourceTree = "<group>"; };
		BFBF0F691E9BD74000BDAFB5 /* DetailViewController.swift */ = {isa = PBXFileReference; lastKnownFileType = sourcecode.swift; path = DetailViewController.swift; sourceTree = "<group>"; };
		BFBF0F6C1E9BD74000BDAFB5 /* Base */ = {isa = PBXFileReference; lastKnownFileType = file.storyboard; name = Base; path = Base.lproj/Main.storyboard; sourceTree = "<group>"; };
		BFBF0F6E1E9BD74000BDAFB5 /* Assets.xcassets */ = {isa = PBXFileReference; lastKnownFileType = folder.assetcatalog; path = Assets.xcassets; sourceTree = "<group>"; };
		BFBF0F711E9BD74000BDAFB5 /* Base */ = {isa = PBXFileReference; lastKnownFileType = file.storyboard; name = Base; path = Base.lproj/LaunchScreen.storyboard; sourceTree = "<group>"; };
		BFBF0F731E9BD74000BDAFB5 /* Info.plist */ = {isa = PBXFileReference; lastKnownFileType = text.plist.xml; path = Info.plist; sourceTree = "<group>"; };
		BFBF0F781E9BD74000BDAFB5 /* Amazing APODTests.xctest */ = {isa = PBXFileReference; explicitFileType = wrapper.cfbundle; includeInIndex = 0; path = "Amazing APODTests.xctest"; sourceTree = BUILT_PRODUCTS_DIR; };
		BFBF0F7C1E9BD74000BDAFB5 /* Amazing_APODTests.swift */ = {isa = PBXFileReference; lastKnownFileType = sourcecode.swift; path = Amazing_APODTests.swift; sourceTree = "<group>"; };
		BFBF0F7E1E9BD74000BDAFB5 /* Info.plist */ = {isa = PBXFileReference; lastKnownFileType = text.plist.xml; path = Info.plist; sourceTree = "<group>"; };
		BFBF0F831E9BD74000BDAFB5 /* Amazing APODUITests.xctest */ = {isa = PBXFileReference; explicitFileType = wrapper.cfbundle; includeInIndex = 0; path = "Amazing APODUITests.xctest"; sourceTree = BUILT_PRODUCTS_DIR; };
		BFBF0F871E9BD74000BDAFB5 /* Amazing_APODUITests.swift */ = {isa = PBXFileReference; lastKnownFileType = sourcecode.swift; path = Amazing_APODUITests.swift; sourceTree = "<group>"; };
		BFBF0F891E9BD74000BDAFB5 /* Info.plist */ = {isa = PBXFileReference; lastKnownFileType = text.plist.xml; path = Info.plist; sourceTree = "<group>"; };
/* End PBXFileReference section */

/* Begin PBXFrameworksBuildPhase section */
		BFBF0F5F1E9BD74000BDAFB5 /* Frameworks */ = {
			isa = PBXFrameworksBuildPhase;
			buildActionMask = 2147483647;
			files = (
			);
			runOnlyForDeploymentPostprocessing = 0;
		};
		BFBF0F751E9BD74000BDAFB5 /* Frameworks */ = {
			isa = PBXFrameworksBuildPhase;
			buildActionMask = 2147483647;
			files = (
			);
			runOnlyForDeploymentPostprocessing = 0;
		};
		BFBF0F801E9BD74000BDAFB5 /* Frameworks */ = {
			isa = PBXFrameworksBuildPhase;
			buildActionMask = 2147483647;
			files = (
			);
			runOnlyForDeploymentPostprocessing = 0;
		};
/* End PBXFrameworksBuildPhase section */

/* Begin PBXGroup section */
		BFBF0F591E9BD74000BDAFB5 = {
			isa = PBXGroup;
			children = (
				BFBF0F641E9BD74000BDAFB5 /* Amazing APOD */,
				BFBF0F7B1E9BD74000BDAFB5 /* Amazing APODTests */,
				BFBF0F861E9BD74000BDAFB5 /* Amazing APODUITests */,
				BFBF0F631E9BD74000BDAFB5 /* Products */,
			);
			sourceTree = "<group>";
		};
		BFBF0F631E9BD74000BDAFB5 /* Products */ = {
			isa = PBXGroup;
			children = (
				BFBF0F621E9BD74000BDAFB5 /* Amazing APOD.app */,
				BFBF0F781E9BD74000BDAFB5 /* Amazing APODTests.xctest */,
				BFBF0F831E9BD74000BDAFB5 /* Amazing APODUITests.xctest */,
			);
			name = Products;
			sourceTree = "<group>";
		};
		BFBF0F641E9BD74000BDAFB5 /* Amazing APOD */ = {
			isa = PBXGroup;
			children = (
				BFBF0F651E9BD74000BDAFB5 /* AppDelegate.swift */,
				BFBF0F671E9BD74000BDAFB5 /* MasterViewController.swift */,
				BFBF0F691E9BD74000BDAFB5 /* DetailViewController.swift */,
				BFBF0F6B1E9BD74000BDAFB5 /* Main.storyboard */,
				BFBF0F6E1E9BD74000BDAFB5 /* Assets.xcassets */,
				BFBF0F701E9BD74000BDAFB5 /* LaunchScreen.storyboard */,
				BFBF0F731E9BD74000BDAFB5 /* Info.plist */,
			);
			path = "Amazing APOD";
			sourceTree = "<group>";
		};
		BFBF0F7B1E9BD74000BDAFB5 /* Amazing APODTests */ = {
			isa = PBXGroup;
			children = (
				BFBF0F7C1E9BD74000BDAFB5 /* Amazing_APODTests.swift */,
				BFBF0F7E1E9BD74000BDAFB5 /* Info.plist */,
			);
			path = "Amazing APODTests";
			sourceTree = "<group>";
		};
		BFBF0F861E9BD74000BDAFB5 /* Amazing APODUITests */ = {
			isa = PBXGroup;
			children = (
				BFBF0F871E9BD74000BDAFB5 /* Amazing_APODUITests.swift */,
				BFBF0F891E9BD74000BDAFB5 /* Info.plist */,
			);
			path = "Amazing APODUITests";
			sourceTree = "<group>";
		};
/* End PBXGroup section */

/* Begin PBXNativeTarget section */
		BFBF0F611E9BD74000BDAFB5 /* Amazing APOD */ = {
			isa = PBXNativeTarget;
			buildConfigurationList = BFBF0F8C1E9BD74000BDAFB5 /* Build configuration list for PBXNativeTarget "Amazing APOD" */;
			buildPhases = (
				BFBF0F5E1E9BD74000BDAFB5 /* Sources */,
				BFBF0F5F1E9BD74000BDAFB5 /* Frameworks */,
				BFBF0F601E9BD74000BDAFB5 /* Resources */,
			);
			buildRules = (
			);
			dependencies = (
			);
			name = "Amazing APOD";
			productName = "Amazing APOD";
			productReference = BFBF0F621E9BD74000BDAFB5 /* Amazing APOD.app */;
			productType = "com.apple.product-type.application";
		};
		BFBF0F771E9BD74000BDAFB5 /* Amazing APODTests */ = {
			isa = PBXNativeTarget;
			buildConfigurationList = BFBF0F8F1E9BD74000BDAFB5 /* Build configuration list for PBXNativeTarget "Amazing APODTests" */;
			buildPhases = (
				BFBF0F741E9BD74000BDAFB5 /* Sources */,
				BFBF0F751E9BD74000BDAFB5 /* Frameworks */,
				BFBF0F761E9BD74000BDAFB5 /* Resources */,
			);
			buildRules = (
			);
			dependencies = (
				BFBF0F7A1E9BD74000BDAFB5 /* PBXTargetDependency */,
			);
			name = "Amazing APODTests";
			productName = "Amazing APODTests";
			productReference = BFBF0F781E9BD74000BDAFB5 /* Amazing APODTests.xctest */;
			productType = "com.apple.product-type.bundle.unit-test";
		};
		BFBF0F821E9BD74000BDAFB5 /* Amazing APODUITests */ = {
			isa = PBXNativeTarget;
			buildConfigurationList = BFBF0F921E9BD74000BDAFB5 /* Build configuration list for PBXNativeTarget "Amazing APODUITests" */;
			buildPhases = (
				BFBF0F7F1E9BD74000BDAFB5 /* Sources */,
				BFBF0F801E9BD74000BDAFB5 /* Frameworks */,
				BFBF0F811E9BD74000BDAFB5 /* Resources */,
			);
			buildRules = (
			);
			dependencies = (
				BFBF0F851E9BD74000BDAFB5 /* PBXTargetDependency */,
			);
			name = "Amazing APODUITests";
			productName = "Amazing APODUITests";
			productReference = BFBF0F831E9BD74000BDAFB5 /* Amazing APODUITests.xctest */;
			productType = "com.apple.product-type.bundle.ui-testing";
		};
/* End PBXNativeTarget section */

/* Begin PBXProject section */
		BFBF0F5A1E9BD74000BDAFB5 /* Project object */ = {
			isa = PBXProject;
			attributes = {
				LastSwiftUpdateCheck = 0830;
				LastUpgradeCheck = 0830;
				ORGANIZATIONNAME = "Graham Watson";
				TargetAttributes = {
					BFBF0F611E9BD74000BDAFB5 = {
						CreatedOnToolsVersion = 8.3.1;
						DevelopmentTeam = 4E7FPMRF2G;
						ProvisioningStyle = Automatic;
					};
					BFBF0F771E9BD74000BDAFB5 = {
						CreatedOnToolsVersion = 8.3.1;
						DevelopmentTeam = 4E7FPMRF2G;
						ProvisioningStyle = Automatic;
						TestTargetID = BFBF0F611E9BD74000BDAFB5;
					};
					BFBF0F821E9BD74000BDAFB5 = {
						CreatedOnToolsVersion = 8.3.1;
						DevelopmentTeam = 4E7FPMRF2G;
						ProvisioningStyle = Automatic;
						TestTargetID = BFBF0F611E9BD74000BDAFB5;
					};
				};
			};
			buildConfigurationList = BFBF0F5D1E9BD74000BDAFB5 /* Build configuration list for PBXProject "Amazing APOD" */;
			compatibilityVersion = "Xcode 3.2";
			developmentRegion = English;
			hasScannedForEncodings = 0;
			knownRegions = (
				en,
				Base,
			);
			mainGroup = BFBF0F591E9BD74000BDAFB5;
			productRefGroup = BFBF0F631E9BD74000BDAFB5 /* Products */;
			projectDirPath = "";
			projectRoot = "";
			targets = (
				BFBF0F611E9BD74000BDAFB5 /* Amazing APOD */,
				BFBF0F771E9BD74000BDAFB5 /* Amazing APODTests */,
				BFBF0F821E9BD74000BDAFB5 /* Amazing APODUITests */,
			);
		};
/* End PBXProject section */

/* Begin PBXResourcesBuildPhase section */
		BFBF0F601E9BD74000BDAFB5 /* Resources */ = {
			isa = PBXResourcesBuildPhase;
			buildActionMask = 2147483647;
			files = (
				BFBF0F721E9BD74000BDAFB5 /* LaunchScreen.storyboard in Resources */,
				BFBF0F6F1E9BD74000BDAFB5 /* Assets.xcassets in Resources */,
				BFBF0F6D1E9BD74000BDAFB5 /* Main.storyboard in Resources */,
			);
			runOnlyForDeploymentPostprocessing = 0;
		};
		BFBF0F761E9BD74000BDAFB5 /* Resources */ = {
			isa = PBXResourcesBuildPhase;
			buildActionMask = 2147483647;
			files = (
			);
			runOnlyForDeploymentPostprocessing = 0;
		};
		BFBF0F811E9BD74000BDAFB5 /* Resources */ = {
			isa = PBXResourcesBuildPhase;
			buildActionMask = 2147483647;
			files = (
			);
			runOnlyForDeploymentPostprocessing = 0;
		};
/* End PBXResourcesBuildPhase section */

/* Begin PBXSourcesBuildPhase section */
		BFBF0F5E1E9BD74000BDAFB5 /* Sources */ = {
			isa = PBXSourcesBuildPhase;
			buildActionMask = 2147483647;
			files = (
				BFBF0F6A1E9BD74000BDAFB5 /* DetailViewController.swift in Sources */,
				BFBF0F681E9BD74000BDAFB5 /* MasterViewController.swift in Sources */,
				BFBF0F661E9BD74000BDAFB5 /* AppDelegate.swift in Sources */,
			);
			runOnlyForDeploymentPostprocessing = 0;
		};
		BFBF0F741E9BD74000BDAFB5 /* Sources */ = {
			isa = PBXSourcesBuildPhase;
			buildActionMask = 2147483647;
			files = (
				BFBF0F7D1E9BD74000BDAFB5 /* Amazing_APODTests.swift in Sources */,
			);
			runOnlyForDeploymentPostprocessing = 0;
		};
		BFBF0F7F1E9BD74000BDAFB5 /* Sources */ = {
			isa = PBXSourcesBuildPhase;
			buildActionMask = 2147483647;
			files = (
				BFBF0F881E9BD74000BDAFB5 /* Amazing_APODUITests.swift in Sources */,
			);
			runOnlyForDeploymentPostprocessing = 0;
		};
/* End PBXSourcesBuildPhase section */

/* Begin PBXTargetDependency section */
		BFBF0F7A1E9BD74000BDAFB5 /* PBXTargetDependency */ = {
			isa = PBXTargetDependency;
			target = BFBF0F611E9BD74000BDAFB5 /* Amazing APOD */;
			targetProxy = BFBF0F791E9BD74000BDAFB5 /* PBXContainerItemProxy */;
		};
		BFBF0F851E9BD74000BDAFB5 /* PBXTargetDependency */ = {
			isa = PBXTargetDependency;
			target = BFBF0F611E9BD74000BDAFB5 /* Amazing APOD */;
			targetProxy = BFBF0F841E9BD74000BDAFB5 /* PBXContainerItemProxy */;
		};
/* End PBXTargetDependency section */

/* Begin PBXVariantGroup section */
		BFBF0F6B1E9BD74000BDAFB5 /* Main.storyboard */ = {
			isa = PBXVariantGroup;
			children = (
				BFBF0F6C1E9BD74000BDAFB5 /* Base */,
			);
			name = Main.storyboard;
			sourceTree = "<group>";
		};
		BFBF0F701E9BD74000BDAFB5 /* LaunchScreen.storyboard */ = {
			isa = PBXVariantGroup;
			children = (
				BFBF0F711E9BD74000BDAFB5 /* Base */,
			);
			name = LaunchScreen.storyboard;
			sourceTree = "<group>";
		};
/* End PBXVariantGroup section */

/* Begin XCBuildConfiguration section */
		BFBF0F8A1E9BD74000BDAFB5 /* Debug */ = {
			isa = XCBuildConfiguration;
			buildSettings = {
				ALWAYS_SEARCH_USER_PATHS = NO;
				CLANG_ANALYZER_NONNULL = YES;
				CLANG_ANALYZER_NUMBER_OBJECT_CONVERSION = YES_AGGRESSIVE;
				CLANG_CXX_LANGUAGE_STANDARD = "gnu++0x";
				CLANG_CXX_LIBRARY = "libc++";
				CLANG_ENABLE_MODULES = YES;
				CLANG_ENABLE_OBJC_ARC = YES;
				CLANG_WARN_BOOL_CONVERSION = YES;
				CLANG_WARN_CONSTANT_CONVERSION = YES;
				CLANG_WARN_DIRECT_OBJC_ISA_USAGE = YES_ERROR;
				CLANG_WARN_DOCUMENTATION_COMMENTS = YES;
				CLANG_WARN_EMPTY_BODY = YES;
				CLANG_WARN_ENUM_CONVERSION = YES;
				CLANG_WARN_INFINITE_RECURSION = YES;
				CLANG_WARN_INT_CONVERSION = YES;
				CLANG_WARN_OBJC_ROOT_CLASS = YES_ERROR;
				CLANG_WARN_SUSPICIOUS_MOVE = YES;
				CLANG_WARN_UNREACHABLE_CODE = YES;
				CLANG_WARN__DUPLICATE_METHOD_MATCH = YES;
				"CODE_SIGN_IDENTITY[sdk=iphoneos*]" = "iPhone Developer";
				COPY_PHASE_STRIP = NO;
				DEBUG_INFORMATION_FORMAT = dwarf;
				ENABLE_STRICT_OBJC_MSGSEND = YES;
				ENABLE_TESTABILITY = YES;
				GCC_C_LANGUAGE_STANDARD = gnu99;
				GCC_DYNAMIC_NO_PIC = NO;
				GCC_NO_COMMON_BLOCKS = YES;
				GCC_OPTIMIZATION_LEVEL = 0;
				GCC_PREPROCESSOR_DEFINITIONS = (
					"DEBUG=1",
					"$(inherited)",
				);
				GCC_WARN_64_TO_32_BIT_CONVERSION = YES;
				GCC_WARN_ABOUT_RETURN_TYPE = YES_ERROR;
				GCC_WARN_UNDECLARED_SELECTOR = YES;
				GCC_WARN_UNINITIALIZED_AUTOS = YES_AGGRESSIVE;
				GCC_WARN_UNUSED_FUNCTION = YES;
				GCC_WARN_UNUSED_VARIABLE = YES;
				IPHONEOS_DEPLOYMENT_TARGET = 10.3;
				MTL_ENABLE_DEBUG_INFO = YES;
				ONLY_ACTIVE_ARCH = YES;
				SDKROOT = iphoneos;
				SWIFT_ACTIVE_COMPILATION_CONDITIONS = DEBUG;
				SWIFT_OPTIMIZATION_LEVEL = "-Onone";
				TARGETED_DEVICE_FAMILY = "1,2";
			};
			name = Debug;
		};
		BFBF0F8B1E9BD74000BDAFB5 /* Release */ = {
			isa = XCBuildConfiguration;
			buildSettings = {
				ALWAYS_SEARCH_USER_PATHS = NO;
				CLANG_ANALYZER_NONNULL = YES;
				CLANG_ANALYZER_NUMBER_OBJECT_CONVERSION = YES_AGGRESSIVE;
				CLANG_CXX_LANGUAGE_STANDARD = "gnu++0x";
				CLANG_CXX_LIBRARY = "libc++";
				CLANG_ENABLE_MODULES = YES;
				CLANG_ENABLE_OBJC_ARC = YES;
				CLANG_WARN_BOOL_CONVERSION = YES;
				CLANG_WARN_CONSTANT_CONVERSION = YES;
				CLANG_WARN_DIRECT_OBJC_ISA_USAGE = YES_ERROR;
				CLANG_WARN_DOCUMENTATION_COMMENTS = YES;
				CLANG_WARN_EMPTY_BODY = YES;
				CLANG_WARN_ENUM_CONVERSION = YES;
				CLANG_WARN_INFINITE_RECURSION = YES;
				CLANG_WARN_INT_CONVERSION = YES;
				CLANG_WARN_OBJC_ROOT_CLASS = YES_ERROR;
				CLANG_WARN_SUSPICIOUS_MOVE = YES;
				CLANG_WARN_UNREACHABLE_CODE = YES;
				CLANG_WARN__DUPLICATE_METHOD_MATCH = YES;
				"CODE_SIGN_IDENTITY[sdk=iphoneos*]" = "iPhone Developer";
				COPY_PHASE_STRIP = NO;
				DEBUG_INFORMATION_FORMAT = "dwarf-with-dsym";
				ENABLE_NS_ASSERTIONS = NO;
				ENABLE_STRICT_OBJC_MSGSEND = YES;
				GCC_C_LANGUAGE_STANDARD = gnu99;
				GCC_NO_COMMON_BLOCKS = YES;
				GCC_WARN_64_TO_32_BIT_CONVERSION = YES;
				GCC_WARN_ABOUT_RETURN_TYPE = YES_ERROR;
				GCC_WARN_UNDECLARED_SELECTOR = YES;
				GCC_WARN_UNINITIALIZED_AUTOS = YES_AGGRESSIVE;
				GCC_WARN_UNUSED_FUNCTION = YES;
				GCC_WARN_UNUSED_VARIABLE = YES;
				IPHONEOS_DEPLOYMENT_TARGET = 10.3;
				MTL_ENABLE_DEBUG_INFO = NO;
				SDKROOT = iphoneos;
				SWIFT_OPTIMIZATION_LEVEL = "-Owholemodule";
				TARGETED_DEVICE_FAMILY = "1,2";
				VALIDATE_PRODUCT = YES;
			};
			name = Release;
		};
		BFBF0F8D1E9BD74000BDAFB5 /* Debug */ = {
			isa = XCBuildConfiguration;
			buildSettings = {
				ASSETCATALOG_COMPILER_APPICON_NAME = AppIcon;
				DEVELOPMENT_TEAM = 4E7FPMRF2G;
				INFOPLIST_FILE = "Amazing APOD/Info.plist";
				LD_RUNPATH_SEARCH_PATHS = "$(inherited) @executable_path/Frameworks";
				PRODUCT_BUNDLE_IDENTIFIER = "uk.co.Shiny-Idea.Amazing-APOD";
				PRODUCT_NAME = "$(TARGET_NAME)";
				SWIFT_VERSION = 3.0;
			};
			name = Debug;
		};
		BFBF0F8E1E9BD74000BDAFB5 /* Release */ = {
			isa = XCBuildConfiguration;
			buildSettings = {
				ASSETCATALOG_COMPILER_APPICON_NAME = AppIcon;
				DEVELOPMENT_TEAM = 4E7FPMRF2G;
				INFOPLIST_FILE = "Amazing APOD/Info.plist";
				LD_RUNPATH_SEARCH_PATHS = "$(inherited) @executable_path/Frameworks";
				PRODUCT_BUNDLE_IDENTIFIER = "uk.co.Shiny-Idea.Amazing-APOD";
				PRODUCT_NAME = "$(TARGET_NAME)";
				SWIFT_VERSION = 3.0;
			};
			name = Release;
		};
		BFBF0F901E9BD74000BDAFB5 /* Debug */ = {
			isa = XCBuildConfiguration;
			buildSettings = {
				ALWAYS_EMBED_SWIFT_STANDARD_LIBRARIES = YES;
				BUNDLE_LOADER = "$(TEST_HOST)";
				DEVELOPMENT_TEAM = 4E7FPMRF2G;
				INFOPLIST_FILE = "Amazing APODTests/Info.plist";
				LD_RUNPATH_SEARCH_PATHS = "$(inherited) @executable_path/Frameworks @loader_path/Frameworks";
				PRODUCT_BUNDLE_IDENTIFIER = "uk.co.Shiny-Idea.Amazing-APODTests";
				PRODUCT_NAME = "$(TARGET_NAME)";
				SWIFT_VERSION = 3.0;
				TEST_HOST = "$(BUILT_PRODUCTS_DIR)/Amazing APOD.app/Amazing APOD";
			};
			name = Debug;
		};
		BFBF0F911E9BD74000BDAFB5 /* Release */ = {
			isa = XCBuildConfiguration;
			buildSettings = {
				ALWAYS_EMBED_SWIFT_STANDARD_LIBRARIES = YES;
				BUNDLE_LOADER = "$(TEST_HOST)";
				DEVELOPMENT_TEAM = 4E7FPMRF2G;
				INFOPLIST_FILE = "Amazing APODTests/Info.plist";
				LD_RUNPATH_SEARCH_PATHS = "$(inherited) @executable_path/Frameworks @loader_path/Frameworks";
				PRODUCT_BUNDLE_IDENTIFIER = "uk.co.Shiny-Idea.Amazing-APODTests";
				PRODUCT_NAME = "$(TARGET_NAME)";
				SWIFT_VERSION = 3.0;
				TEST_HOST = "$(BUILT_PRODUCTS_DIR)/Amazing APOD.app/Amazing APOD";
			};
			name = Release;
		};
		BFBF0F931E9BD74000BDAFB5 /* Debug */ = {
			isa = XCBuildConfiguration;
			buildSettings = {
				ALWAYS_EMBED_SWIFT_STANDARD_LIBRARIES = YES;
				DEVELOPMENT_TEAM = 4E7FPMRF2G;
				INFOPLIST_FILE = "Amazing APODUITests/Info.plist";
				LD_RUNPATH_SEARCH_PATHS = "$(inherited) @executable_path/Frameworks @loader_path/Frameworks";
				PRODUCT_BUNDLE_IDENTIFIER = "uk.co.Shiny-Idea.Amazing-APODUITests";
				PRODUCT_NAME = "$(TARGET_NAME)";
				SWIFT_VERSION = 3.0;
				TEST_TARGET_NAME = "Amazing APOD";
			};
			name = Debug;
		};
		BFBF0F941E9BD74000BDAFB5 /* Release */ = {
			isa = XCBuildConfiguration;
			buildSettings = {
				ALWAYS_EMBED_SWIFT_STANDARD_LIBRARIES = YES;
				DEVELOPMENT_TEAM = 4E7FPMRF2G;
				INFOPLIST_FILE = "Amazing APODUITests/Info.plist";
				LD_RUNPATH_SEARCH_PATHS = "$(inherited) @executable_path/Frameworks @loader_path/Frameworks";
				PRODUCT_BUNDLE_IDENTIFIER = "uk.co.Shiny-Idea.Amazing-APODUITests";
				PRODUCT_NAME = "$(TARGET_NAME)";
				SWIFT_VERSION = 3.0;
				TEST_TARGET_NAME = "Amazing APOD";
			};
			name = Release;
		};
/* End XCBuildConfiguration section */

/* Begin XCConfigurationList section */
		BFBF0F5D1E9BD74000BDAFB5 /* Build configuration list for PBXProject "Amazing APOD" */ = {
			isa = XCConfigurationList;
			buildConfigurations = (
				BFBF0F8A1E9BD74000BDAFB5 /* Debug */,
				BFBF0F8B1E9BD74000BDAFB5 /* Release */,
			);
			defaultConfigurationIsVisible = 0;
			defaultConfigurationName = Release;
		};
		BFBF0F8C1E9BD74000BDAFB5 /* Build configuration list for PBXNativeTarget "Amazing APOD" */ = {
			isa = XCConfigurationList;
			buildConfigurations = (
				BFBF0F8D1E9BD74000BDAFB5 /* Debug */,
				BFBF0F8E1E9BD74000BDAFB5 /* Release */,
			);
			defaultConfigurationIsVisible = 0;
		};
		BFBF0F8F1E9BD74000BDAFB5 /* Build configuration list for PBXNativeTarget "Amazing APODTests" */ = {
			isa = XCConfigurationList;
			buildConfigurations = (
				BFBF0F901E9BD74000BDAFB5 /* Debug */,
				BFBF0F911E9BD74000BDAFB5 /* Release */,
			);
			defaultConfigurationIsVisible = 0;
		};
		BFBF0F921E9BD74000BDAFB5 /* Build configuration list for PBXNativeTarget "Amazing APODUITests" */ = {
			isa = XCConfigurationList;
			buildConfigurations = (
				BFBF0F931E9BD74000BDAFB5 /* Debug */,
				BFBF0F941E9BD74000BDAFB5 /* Release */,
			);
			defaultConfigurationIsVisible = 0;
		};
/* End XCConfigurationList section */
	};
	rootObject = BFBF0F5A1E9BD74000BDAFB5 /* Project object */;
}
